
Microsoft Visual Studio Solution File, Format Version 12.00
# Visual Studio Version 16
VisualStudioVersion = 16.0.30114.105
MinimumVisualStudioVersion = 10.0.40219.1
Project("{FAE04EC0-301F-11D3-BF4B-00C04F79EFBC}") = "JustiCal", "JustiCal\JustiCal.csproj", "{61EBA931-C579-472E-916E-2AFC15A4B892}"
EndProject
Global
	GlobalSection(SolutionConfigurationPlatforms) = preSolution
		Debug|Any CPU = Debug|Any CPU
		Release|Any CPU = Release|Any CPU
	EndGlobalSection
	GlobalSection(ProjectConfigurationPlatforms) = postSolution
		{61EBA931-C579-472E-916E-2AFC15A4B892}.Debug|Any CPU.ActiveCfg = Debug|Any CPU
		{61EBA931-C579-472E-916E-2AFC15A4B892}.Debug|Any CPU.Build.0 = Debug|Any CPU
		{61EBA931-C579-472E-916E-2AFC15A4B892}.Release|Any CPU.ActiveCfg = Release|Any CPU
		{61EBA931-C579-472E-916E-2AFC15A4B892}.Release|Any CPU.Build.0 = Release|Any CPU
	EndGlobalSection
	GlobalSection(SolutionProperties) = preSolution
		HideSolutionNode = FALSE
	EndGlobalSection
	GlobalSection(ExtensibilityGlobals) = postSolution
		SolutionGuid = {E0849378-D60F-4150-976D-A8A215E1F1C3}
	EndGlobalSection
EndGlobal
